
Microsoft Visual Studio Solution File, Format Version 12.00
# Visual Studio Version 16
VisualStudioVersion = 16.0.31205.134
MinimumVisualStudioVersion = 10.0.40219.1
Project("{9A19103F-16F7-4668-BE54-9A1E7A4F7556}") = "TheMonarchs.Core", "src\TheMonarchs.Core\TheMonarchs.Core.csproj", "{80CDF318-F145-4AF6-9BDB-E8210D92D34F}"
EndProject
Project("{9A19103F-16F7-4668-BE54-9A1E7A4F7556}") = "TheMonarchs.Infrastructure", "src\TheMonarchs.Infrastructure\TheMonarchs.Infrastructure.csproj", "{C225F370-AB37-4A13-A1D8-6B447FD8744F}"
EndProject
Project("{9A19103F-16F7-4668-BE54-9A1E7A4F7556}") = "TheMonarchs.API", "src\TheMonarchs.API\TheMonarchs.API.csproj", "{53A5F151-CFCA-4660-B553-27E5826FCB02}"
EndProject
Project("{9A19103F-16F7-4668-BE54-9A1E7A4F7556}") = "TheMonarchs.Client.ConsoleApp", "src\TheMonarchs.Client.ConsoleApp\TheMonarchs.Client.ConsoleApp.csproj", "{892BF5DC-3FB3-4F55-95F7-37B83578831D}"
EndProject
Project("{9A19103F-16F7-4668-BE54-9A1E7A4F7556}") = "TheMonarchs.API.Tests", "tests\TheMonarchs.API.Tests\TheMonarchs.API.Tests.csproj", "{86DF458C-2235-4AAE-8819-CA911C84D855}"
EndProject
Project("{9A19103F-16F7-4668-BE54-9A1E7A4F7556}") = "TheMonarchs.Core.Tests", "tests\TheMonarchs.Core.UnitTests\TheMonarchs.Core.Tests.csproj", "{90D21B56-57A6-4EF2-AE3F-FA56C16DECAA}"
EndProject
Project("{2150E333-8FDC-42A3-9474-1A3956D46DE8}") = "src", "src", "{AFD0E0C1-8626-46A9-B5A5-4EB310B1F352}"
EndProject
Project("{2150E333-8FDC-42A3-9474-1A3956D46DE8}") = "tests", "tests", "{D608DEA2-CA19-413E-882D-B3A8D3343F02}"
EndProject
Global
	GlobalSection(SolutionConfigurationPlatforms) = preSolution
		Debug|Any CPU = Debug|Any CPU
		Release|Any CPU = Release|Any CPU
	EndGlobalSection
	GlobalSection(ProjectConfigurationPlatforms) = postSolution
		{80CDF318-F145-4AF6-9BDB-E8210D92D34F}.Debug|Any CPU.ActiveCfg = Debug|Any CPU
		{80CDF318-F145-4AF6-9BDB-E8210D92D34F}.Debug|Any CPU.Build.0 = Debug|Any CPU
		{80CDF318-F145-4AF6-9BDB-E8210D92D34F}.Release|Any CPU.ActiveCfg = Release|Any CPU
		{80CDF318-F145-4AF6-9BDB-E8210D92D34F}.Release|Any CPU.Build.0 = Release|Any CPU
		{C225F370-AB37-4A13-A1D8-6B447FD8744F}.Debug|Any CPU.ActiveCfg = Debug|Any CPU
		{C225F370-AB37-4A13-A1D8-6B447FD8744F}.Debug|Any CPU.Build.0 = Debug|Any CPU
		{C225F370-AB37-4A13-A1D8-6B447FD8744F}.Release|Any CPU.ActiveCfg = Release|Any CPU
		{C225F370-AB37-4A13-A1D8-6B447FD8744F}.Release|Any CPU.Build.0 = Release|Any CPU
		{53A5F151-CFCA-4660-B553-27E5826FCB02}.Debug|Any CPU.ActiveCfg = Debug|Any CPU
		{53A5F151-CFCA-4660-B553-27E5826FCB02}.Debug|Any CPU.Build.0 = Debug|Any CPU
		{53A5F151-CFCA-4660-B553-27E5826FCB02}.Release|Any CPU.ActiveCfg = Release|Any CPU
		{53A5F151-CFCA-4660-B553-27E5826FCB02}.Release|Any CPU.Build.0 = Release|Any CPU
		{892BF5DC-3FB3-4F55-95F7-37B83578831D}.Debug|Any CPU.ActiveCfg = Debug|Any CPU
		{892BF5DC-3FB3-4F55-95F7-37B83578831D}.Debug|Any CPU.Build.0 = Debug|Any CPU
		{892BF5DC-3FB3-4F55-95F7-37B83578831D}.Release|Any CPU.ActiveCfg = Release|Any CPU
		{892BF5DC-3FB3-4F55-95F7-37B83578831D}.Release|Any CPU.Build.0 = Release|Any CPU
		{86DF458C-2235-4AAE-8819-CA911C84D855}.Debug|Any CPU.ActiveCfg = Debug|Any CPU
		{86DF458C-2235-4AAE-8819-CA911C84D855}.Debug|Any CPU.Build.0 = Debug|Any CPU
		{86DF458C-2235-4AAE-8819-CA911C84D855}.Release|Any CPU.ActiveCfg = Release|Any CPU
		{86DF458C-2235-4AAE-8819-CA911C84D855}.Release|Any CPU.Build.0 = Release|Any CPU
		{90D21B56-57A6-4EF2-AE3F-FA56C16DECAA}.Debug|Any CPU.ActiveCfg = Debug|Any CPU
		{90D21B56-57A6-4EF2-AE3F-FA56C16DECAA}.Debug|Any CPU.Build.0 = Debug|Any CPU
		{90D21B56-57A6-4EF2-AE3F-FA56C16DECAA}.Release|Any CPU.ActiveCfg = Release|Any CPU
		{90D21B56-57A6-4EF2-AE3F-FA56C16DECAA}.Release|Any CPU.Build.0 = Release|Any CPU
	EndGlobalSection
	GlobalSection(SolutionProperties) = preSolution
		HideSolutionNode = FALSE
	EndGlobalSection
	GlobalSection(NestedProjects) = preSolution
		{80CDF318-F145-4AF6-9BDB-E8210D92D34F} = {AFD0E0C1-8626-46A9-B5A5-4EB310B1F352}
		{C225F370-AB37-4A13-A1D8-6B447FD8744F} = {AFD0E0C1-8626-46A9-B5A5-4EB310B1F352}
		{53A5F151-CFCA-4660-B553-27E5826FCB02} = {AFD0E0C1-8626-46A9-B5A5-4EB310B1F352}
		{892BF5DC-3FB3-4F55-95F7-37B83578831D} = {AFD0E0C1-8626-46A9-B5A5-4EB310B1F352}
		{86DF458C-2235-4AAE-8819-CA911C84D855} = {D608DEA2-CA19-413E-882D-B3A8D3343F02}
		{90D21B56-57A6-4EF2-AE3F-FA56C16DECAA} = {D608DEA2-CA19-413E-882D-B3A8D3343F02}
	EndGlobalSection
	GlobalSection(ExtensibilityGlobals) = postSolution
		SolutionGuid = {4C7EA610-6384-40FB-B506-B776C6F58322}
	EndGlobalSection
EndGlobal
